github.com/itnelo/stringutil v0.0.0-20190406201333-0f660b5537ef h1:Z7CbyMMUc3dZ+gCEy9weKIgWUPephsfmYq+eHdZNT0g=
github.com/itnelo/stringutil v0.0.0-20190406201333-0f660b5537ef/go.mod h1:VDOYXuI/7egxoqTl9dTvx+dB4sZve65/j0e/Tr+qRyA=
github.com/symfony-doge/event v0.0.0-20190629101958-f85d7cb4ece1 h1:hJdUkqIIle9Cvkf0TXkErJXY+jjT5dWDvNqNZtlZmJI=
github.com/symfony-doge/event v0.0.0-20190629101958-f85d7cb4ece1/go.mod h1:UD3k2VMTILB+Oz7U+9aBpw/7W+DZ+E9Xr4fRQZ8DYjM=
github.com/symfony-doge/event v0.0.0-20190629105239-b6ecb07586d0 h1:NwF0WZrUFrZ2G7Ps0y1Tco6AgNj9dkwPTXGQUitg0wE=
github.com/symfony-doge/event v0.0.0-20190629105239-b6ecb07586d0/go.mod h1:UD3k2VMTILB+Oz7U+9aBpw/7W+DZ+E9Xr4fRQZ8DYjM=
github.com/symfony-doge/event v0.0.0-20190629105328-9d49c24f0514 h1:71m1dX3TZykqU0zVRStfFkah0IZ2Wyp9wqgguq3ziJU=
github.com/symfony-doge/event v0.0.0-20190629105328-9d49c24f0514/go.mod h1:UD3k2VMTILB+Oz7U+9aBpw/7W+DZ+E9Xr4fRQZ8DYjM=
github.com/symfony-doge/event v0.0.0-20190629105417-517f5aa90214 h1:vJ6shpC0i5wxMc9MzhGpxg8HqzbTYNNmC/qyNVk82E8=
github.com/symfony-doge/event v0.0.0-20190629105417-517f5aa90214/go.mod h1:UD3k2VMTILB+Oz7U+9aBpw/7W+DZ+E9Xr4fRQZ8DYjM=
github.com/symfony-doge/event v0.0.0-20190629105542-15bb0fbd9048 h1:KDa+Bb1BghqdZG/pXGRwLWpunNxbW23lfMS31D1noeA=
github.com/symfony-doge/event v0.0.0-20190629105542-15bb0fbd9048/go.mod h1:UD3k2VMTILB+Oz7U+9aBpw/7W+DZ+E9Xr4fRQZ8DYjM=
github.com/symfony-doge/event v0.0.0-20190629112031-9238ea5fd822 h1:KbnbLrcrK92snNJxglgc1p/bNWLOYHhBRx/nXh6AqqM=
github.com/symfony-doge/event v0.0.0-20190629112031-9238ea5fd822/go.mod h1:UD3k2VMTILB+Oz7U+9aBpw/7W+DZ+E9Xr4fRQZ8DYjM=
golang.org/x/crypto v0.0.0-20190308221718-c2843e01d9a2/go.mod h1:djNgcEr1/C05ACkg1iLfiJU5Ep61QUkGW8qpdssI0+w=
golang.org/x/net v0.0.0-20190311183353-d8887717615a/go.mod h1:t9HGtf8HONx5eT2rtn7q6eTqICYqUVnKs3thJo3Qplg=
golang.org/x/sys v0.0.0-20190215142949-d0b11bdaac8a/go.mod h1:STP8DvDyc/dI5b8T5hshtkjS+E42TnysNCUPdjciGhY=
golang.org/x/text v0.3.0/go.mod h1:NqM8EUOU14njkJ3fqMW+pc6Ldnwhi/IjpwHt7yyuwOQ=
golang.org/x/tools v0.0.0-20190312164927-7b79afddac43/go.mod h1:LCzVGOaR6xXOjkQ3onu1FJEFr0SW1gC7cKk1uF8kGRs=
golang.org/x/tour v0.0.0-20190318020441-db40fe78fefc h1:z7p7FC77GRAkUMqvG1FESaaikV+A2gpE8FhHbVNBz8I=
golang.org/x/tour v0.0.0-20190318020441-db40fe78fefc/go.mod h1:qMugOFWX59KzC8Nx7f2uvXxKxAqJfi1J6ZUHAWKnrRA=
