github.com/itnelo/stringutil v0.0.0-20190406201333-0f660b5537ef h1:Z7CbyMMUc3dZ+gCEy9weKIgWUPephsfmYq+eHdZNT0g=
github.com/itnelo/stringutil v0.0.0-20190406201333-0f660b5537ef/go.mod h1:VDOYXuI/7egxoqTl9dTvx+dB4sZve65/j0e/Tr+qRyA=
github.com/symfony-doge/event v0.1.2-0.20190713105949-848086003a00 h1:A89ZQApaQcpornyX9vDKA7V1MhTYFvedsedxv4q09EY=
github.com/symfony-doge/event v0.1.2-0.20190713105949-848086003a00/go.mod h1:UD3k2VMTILB+Oz7U+9aBpw/7W+DZ+E9Xr4fRQZ8DYjM=
github.com/symfony-doge/event v0.1.2-0.20190713112825-5e125e22facc h1:lovyFjlD2yrqQ6m3aeYfHR6QC8bbDXJ3B+wsFnL8b0s=
github.com/symfony-doge/event v0.1.2-0.20190713112825-5e125e22facc/go.mod h1:UD3k2VMTILB+Oz7U+9aBpw/7W+DZ+E9Xr4fRQZ8DYjM=
github.com/symfony-doge/splitex v0.0.0-20190713121943-7e6883f864f1 h1:m33EGNDZt4pAEYZoGKro53yadClWHwrGOUoAHfoFvkA=
github.com/symfony-doge/splitex v0.0.0-20190713121943-7e6883f864f1/go.mod h1:kGdz7rtHhLErCsYBWAwehxZInMRkPFiMut3iKoPlqYo=
golang.org/x/crypto v0.0.0-20190308221718-c2843e01d9a2/go.mod h1:djNgcEr1/C05ACkg1iLfiJU5Ep61QUkGW8qpdssI0+w=
golang.org/x/net v0.0.0-20190311183353-d8887717615a/go.mod h1:t9HGtf8HONx5eT2rtn7q6eTqICYqUVnKs3thJo3Qplg=
golang.org/x/sys v0.0.0-20190215142949-d0b11bdaac8a/go.mod h1:STP8DvDyc/dI5b8T5hshtkjS+E42TnysNCUPdjciGhY=
golang.org/x/text v0.3.0/go.mod h1:NqM8EUOU14njkJ3fqMW+pc6Ldnwhi/IjpwHt7yyuwOQ=
golang.org/x/tools v0.0.0-20190312164927-7b79afddac43/go.mod h1:LCzVGOaR6xXOjkQ3onu1FJEFr0SW1gC7cKk1uF8kGRs=
golang.org/x/tour v0.0.0-20190318020441-db40fe78fefc h1:z7p7FC77GRAkUMqvG1FESaaikV+A2gpE8FhHbVNBz8I=
golang.org/x/tour v0.0.0-20190318020441-db40fe78fefc/go.mod h1:qMugOFWX59KzC8Nx7f2uvXxKxAqJfi1J6ZUHAWKnrRA=
